{
  "lib/account-abstraction": {
    "tag": {
      "name": "v0.9.0",
      "rev": "b36a1ed52ae00da6f8a4c8d50181e2877e4fa410"
    }
  },
  "lib/forge-std": {
    "tag": {
      "name": "v1.16.2",
      "rev": "bf647bd6046f2f7da30d0c2bf435e5c76a780c1b"
    }
  },
  "lib/openzeppelin-contracts": {
    "tag": {
      "name": "v5.7.0",
      "rev": "cab19933c33c2ad1d4c7a84864a3601dddfd16f3"
    }
  },
  "lib/v3-periphery": {
    "tag": {
      "name": "v1.3.0",
      "rev": "80f26c86c57b8a5e4b913f42844d4c8bd274d058"
    }
  }
}